
Microsoft Visual Studio Solution File, Format Version 12.00
# Visual Studio Version 17
VisualStudioVersion = 17.6.33829.357
MinimumVisualStudioVersion = 10.0.40219.1
Project("{FAE04EC0-301F-11D3-BF4B-00C04F79EFBC}") = "WebApp", "WebApp\WebApp.csproj", "{E6012549-4658-4F7F-B821-B43626082ADF}"
EndProject
Project("{FAE04EC0-301F-11D3-BF4B-00C04F79EFBC}") = "Entities", "Entities\Entities.csproj", "{AAE936CD-2955-4AE4-81B8-02B938373D7D}"
EndProject
Project("{FAE04EC0-301F-11D3-BF4B-00C04F79EFBC}") = "Repositories", "Repositories\Repositories.csproj", "{AC965498-DB4D-4A61-8FCB-24E42A739778}"
EndProject
Global
	GlobalSection(SolutionConfigurationPlatforms) = preSolution
		Debug|Any CPU = Debug|Any CPU
		Release|Any CPU = Release|Any CPU
	EndGlobalSection
	GlobalSection(ProjectConfigurationPlatforms) = postSolution
		{E6012549-4658-4F7F-B821-B43626082ADF}.Debug|Any CPU.ActiveCfg = Debug|Any CPU
		{E6012549-4658-4F7F-B821-B43626082ADF}.Debug|Any CPU.Build.0 = Debug|Any CPU
		{E6012549-4658-4F7F-B821-B43626082ADF}.Release|Any CPU.ActiveCfg = Release|Any CPU
		{E6012549-4658-4F7F-B821-B43626082ADF}.Release|Any CPU.Build.0 = Release|Any CPU
		{AAE936CD-2955-4AE4-81B8-02B938373D7D}.Debug|Any CPU.ActiveCfg = Debug|Any CPU
		{AAE936CD-2955-4AE4-81B8-02B938373D7D}.Debug|Any CPU.Build.0 = Debug|Any CPU
		{AAE936CD-2955-4AE4-81B8-02B938373D7D}.Release|Any CPU.ActiveCfg = Release|Any CPU
		{AAE936CD-2955-4AE4-81B8-02B938373D7D}.Release|Any CPU.Build.0 = Release|Any CPU
		{AC965498-DB4D-4A61-8FCB-24E42A739778}.Debug|Any CPU.ActiveCfg = Debug|Any CPU
		{AC965498-DB4D-4A61-8FCB-24E42A739778}.Debug|Any CPU.Build.0 = Debug|Any CPU
		{AC965498-DB4D-4A61-8FCB-24E42A739778}.Release|Any CPU.ActiveCfg = Release|Any CPU
		{AC965498-DB4D-4A61-8FCB-24E42A739778}.Release|Any CPU.Build.0 = Release|Any CPU
	EndGlobalSection
	GlobalSection(SolutionProperties) = preSolution
		HideSolutionNode = FALSE
	EndGlobalSection
	GlobalSection(ExtensibilityGlobals) = postSolution
		SolutionGuid = {D5FEA928-AF11-46B1-B435-C3E4FBA539A5}
	EndGlobalSection
EndGlobal
